PackratFormat: 1.4
PackratVersion: 0.4.6.1
RVersion: 3.2.3
Repos: BioCsoft=http://bioconductor.org/packages/3.1/bioc,
    BioCann=http://bioconductor.org/packages/3.1/data/annotation,
    BioCexp=http://bioconductor.org/packages/3.1/data/experiment,
    BioCextra=http://bioconductor.org/packages/3.1/extra,
    CRAN=https://cran.rstudio.com

Package: DT
Source: github
Version: 0.0.3
GithubRepo: DT
GithubUsername: rstudio
GithubRef: master
GithubSha1: 03f08307e6b7e165e1d571d43e39057afa1f4269
Hash: 871e6a5cf846fcb15d31d71651993b54
Requires: htmltools, htmlwidgets, magrittr

Package: DiagrammeR
Source: github
Version: 0.4
GithubRepo: DiagrammeR
GithubUsername: rich-iannone
GithubRef: master
GithubSha1: 4b08887320181a9fd71ec84b51e6ede2e1654f73
Hash: 8b4f9428123a4127e6b9dd99229da577
Requires: htmlwidgets, rstudioapi

Package: R6
Source: CRAN
Version: 2.0.1
Hash: 40dff191bf683de95a0b131f9509647e

Package: RColorBrewer
Source: CRAN
Version: 1.0-5
Hash: 071906b7337adcc2bae085577a6be060

Package: RCurl
Source: CRAN
Version: 1.95-4.5
Hash: b6f7cff292162d60f93b2ef0493a4420
Requires: bitops

Package: RJSONIO
Source: CRAN
Version: 1.3-0
Hash: fb672e20eb6f3010a3639f855d8ef6de

Package: Rcpp
Source: CRAN
Version: 0.11.2
Hash: 8bad4bf4538fb07d27bfabe7b6e7cd54

Package: XML
Source: CRAN
Version: 3.98-1.1
Hash: c331c4a5e75c8ba3a4dc9545b66754d2

Package: base64
Source: CRAN
Version: 1.1
Hash: 5776d8d9472a017332f54e3326ecbca8

Package: base64enc
Source: CRAN
Version: 0.1-2
Hash: df66773c6ea9cad0beb6dc3e33e3e3e1

Package: bitops
Source: CRAN
Version: 1.0-6
Hash: 67d0775189fd0041d95abca618c5c07e

Package: caTools
Source: CRAN
Version: 1.17
Hash: b8b59ba93537332f45c1721790e4e314
Requires: bitops

Package: colorspace
Source: CRAN
Version: 1.2-4
Hash: 563878773fe70148156427223b813fa2

Package: d3heatmap
Source: github
Version: 0.5.0
GithubRepo: d3heatmap
GithubUsername: rstudio
GithubRef: master
GithubSha1: 866e710d2860deced640d093b36b1ec3181c35d3
Hash: 43c5a4167ee23470b5999cb9d6bab913
Requires: base64enc, htmlwidgets, png, scales

Package: devtools
Source: CRAN
Version: 1.6.1
Hash: a790d211ef3730ab6a908e8a211333ac
Requires: RCurl, digest, evaluate, httr, jsonlite, memoise, rstudioapi,
    whisker

Package: dichromat
Source: CRAN
Version: 2.0-0
Hash: 08eed0c80510af29bb15f840ccfe37ce

Package: digest
Source: CRAN
Version: 0.6.4
Hash: 5095109541d6124bfe9e83fbdf39bad0

Package: dygraphs
Source: github
Version: 0.2
GithubRepo: dygraphs
GithubUsername: rstudio
GithubRef: master
GithubSha1: b273ee118a33b395058e14cdff4e88a838132d6c
Hash: 9f8849eb339d3353a9f7e09660e2a308
Requires: htmlwidgets, magrittr, xts, zoo

Package: evaluate
Source: CRAN
Version: 0.8
Hash: aac00bd789bac10970b50e3b7e0cab04
Requires: stringr

Package: formatR
Source: CRAN
Version: 1.2.1
Hash: 54c730c712edd6087972ecf99bf87c55

Package: ggplot2
Source: CRAN
Version: 1.0.1
Hash: 4aff1b269135bd2cdea378f4f2f2895e
Requires: digest, gtable, plyr, proto, reshape2, scales

Package: gridExtra
Source: CRAN
Version: 2.0.0
Hash: 9be37a2d3b6a427d8a3d2a42f2b0bc01
Requires: gtable

Package: gtable
Source: CRAN
Version: 0.1.2
Hash: 38a0f066373a60824cd3ade2362af363

Package: highr
Source: CRAN
Version: 0.4
Hash: caa3f5f3d2cce68cd302bfbb267043db

Package: htmltools
Source: CRAN
Version: 0.2.6
Hash: 595e7dea94f5f049dfc1ed739f5161af
Requires: digest

Package: htmlwidgets
Source: github
Version: 0.5
GithubRepo: htmlwidgets
GithubUsername: ramnathv
GithubRef: master
GithubSha1: ef523b400ea19b0ffecb9e1cf48db260ac291342
Hash: 9110c18f0f75063852e9eb3e63c3df8d
Requires: htmltools, jsonlite, yaml

Package: httpuv
Source: CRAN
Version: 1.3.2
Hash: 5599595548cd973993357762923993eb
Requires: Rcpp

Package: httr
Source: CRAN
Version: 0.5
Hash: 1f4765d23bd54549941fd37ad1f800a1
Requires: RCurl, digest, jsonlite, stringr

Package: jsonlite
Source: CRAN
Version: 0.9.16
Hash: 24d362a166a96ac1969e64ede522c717

Package: knitr
Source: CRAN
Version: 1.11
Hash: 0a6d1006425040af05e29504af948535
Requires: digest, evaluate, formatR, highr, markdown, stringr, yaml

Package: labeling
Source: CRAN
Version: 0.2
Hash: 9f11050d84ff44d77d6113272c0ab2db

Package: leaflet
Source: github
Version: 0.0.5
GithubRepo: leaflet
GithubUsername: rstudio
GithubRef: master
GithubSha1: 656fcf3838cb087f96a776c4879fd1db8d261ea1
Hash: 104c7a6e4ac689b65ad34c335027d3af
Requires: RColorBrewer, htmltools, htmlwidgets, magrittr, scales

Package: magrittr
Source: CRAN
Version: 1.0.1
Hash: 131da7f397c71b98730463cc1199acd7

Package: maps
Source: CRAN
Version: 2.3-9
Hash: 28d07bd51ca5f68bcda31c9570174f6a

Package: markdown
Source: CRAN
Version: 0.7.4
Hash: 21f67752ecca6fd776077ee6401eca21
Requires: mime

Package: memoise
Source: CRAN
Version: 0.2.1
Hash: 812e6a1dd77a0ca4da41f3239de8e447
Requires: digest

Package: metricsgraphics
Source: CRAN
Version: 0.8.5
Hash: 48e12bf5406c98f7c2e9f7d99cec2415
Requires: htmltools, htmlwidgets, magrittr

Package: mime
Source: CRAN
Version: 0.2
Hash: 2604ab77a73316cf06b0001766ae7196

Package: munsell
Source: CRAN
Version: 0.4.2
Hash: 72d343a6664778029f49a7ad36de1cab
Requires: colorspace

Package: networkD3
Source: CRAN
Version: 0.1.7
Hash: 9c9405d7d8a58433b802c72d601e7150
Requires: htmlwidgets, plyr, rjson

Package: packrat
Source: CRAN
Version: 0.4.6-1
Hash: 29eacc43b096c5b1a82c8d54a49b030b

Package: plotly
Source: CRAN
Version: 2.0.2
Hash: bab6d4963f957b21bb3120c8e48829b7
Requires: base64enc, digest, ggplot2, htmlwidgets, httr, jsonlite,
    magrittr, plyr, scales, viridis

Package: plyr
Source: CRAN
Version: 1.8.1
Hash: 67f6c9cdb53b0abfafe34c8362d8c4fd
Requires: Rcpp

Package: png
Source: CRAN
Version: 0.1-7
Hash: 421d7d6e0fb4bd885ecbd909b6456b8b

Package: proto
Source: CRAN
Version: 0.3-10
Hash: 05d7ad64db29a39d1b02c4b9f1f4edb2

Package: qtl
Source: CRAN
Version: 1.36-6
Hash: e1c4668fd3c09d428e10ee91eb15b2b3

Package: qtlcharts
Source: github
Version: 0.5-13
GithubRepo: qtlcharts
GithubUsername: kbroman
GithubRef: master
GithubSha1: 19d44da3275767e10b7692a3bf67064f15896601
Hash: fe6114c5afe6cd6b1c541dbb7f9c596a
Requires: htmlwidgets, jsonlite, qtl

Package: reshape2
Source: CRAN
Version: 1.4.1
Hash: 688261d4ec91a510450d3db7cb2a6df5
Requires: Rcpp, plyr, stringr

Package: rgl
Source: CRAN
Version: 0.95.1429
Hash: 918960f5ba1a5e2651b26cada322c598

Package: rglwidget
Source: CRAN
Version: 0.1.1431
Hash: b17662d448cb9d35a8e7c2f2a5cd7c13
Requires: htmltools, htmlwidgets, jsonlite, knitr, rgl, shiny

Package: rjson
Source: CRAN
Version: 0.2.15
Hash: def074f38d0cff3b597649ee6f976128

Package: rmarkdown
Source: CRAN
Version: 0.8.1
Hash: 13ce5c86c765918f857c602d97d1ffb9
Requires: caTools, htmltools, knitr, yaml

Package: rstudioapi
Source: CRAN
Version: 0.2
Hash: e31a489e8019b379967fde77361af4ad

Package: scales
Source: CRAN
Version: 0.2.5
Hash: 3900d91e50cd06117f5b2983d8490369
Requires: RColorBrewer, Rcpp, dichromat, labeling, munsell, plyr

Package: shiny
Source: CRAN
Version: 0.10.2.2
Hash: d946821af51e1a8fc96da6a465bf0c0b
Requires: R6, RJSONIO, digest, htmltools, httpuv, mime, xtable

Package: sp
Source: CRAN
Version: 1.0-16
Hash: b399bae5489efd43fc65a6797d0e0347

Package: stringr
Source: CRAN
Version: 0.6.2
Hash: 0c2367e61726d5934eb45754a84b319a

Package: testit
Source: CRAN
Version: 0.3
Hash: 2660de89160afa29242812090636f98d

Package: testthat
Source: CRAN
Version: 0.9.1
Hash: b1375083546bc11c52a1af84098f995c
Requires: digest

Package: threejs
Source: CRAN
Version: 0.2.1
Hash: ae106a6267d71e662ff33709ac4887f8
Requires: base64enc, htmlwidgets

Package: viridis
Source: CRAN
Version: 0.3.1
Hash: 1ce286b0c746a49369dc5cd9ecc1e560
Requires: ggplot2, gridExtra

Package: whisker
Source: CRAN
Version: 0.3-2
Hash: 803d662762e532705c2c066a82d066e7

Package: xtable
Source: CRAN
Version: 1.7-4
Hash: 30ed90ebdd90a529aab31fd6792a8d61

Package: xts
Source: CRAN
Version: 0.9-7
Hash: fb3f81d7a2fa2323879b6b49722ddc5e
Requires: zoo

Package: yaml
Source: CRAN
Version: 2.1.13
Hash: 4854ccabebc225e8a7309fb4a74980de

Package: zoo
Source: CRAN
Version: 1.7-11
Hash: 349bb03cd96b68fa60eca19e3cb1525a
