PackratFormat: 1.4
PackratVersion: 0.4.2.10
RVersion: 3.1.2
Repos: CRAN=http://cran.rstudio.com

Package: DT
Source: github
Version: 0.0.3
GithubRepo: DT
GithubUsername: rstudio
GithubRef: master
GithubSha1: 03f08307e6b7e165e1d571d43e39057afa1f4269
Hash: 03f08307e6b7e165e1d571d43e39057afa1f4269
Requires: htmltools, htmlwidgets, magrittr

Package: R6
Source: CRAN
Version: 2.0.1
Hash: 9a3ac4e5fd8059af0fc5156bcb019bbc

Package: RColorBrewer
Source: CRAN
Version: 1.0-5
Hash: 6a849b729bec970204ca88b96906adbc

Package: RCurl
Source: CRAN
Version: 1.95-4.5
Hash: 1187c1ea73013abf25f362a7e6da1046
Requires: bitops

Package: RJSONIO
Source: CRAN
Version: 1.3-0
Hash: 8b1341dfd547c90ed4b3365d5aa46a7b

Package: Rcpp
Source: CRAN
Version: 0.11.2
Hash: ef2b1a5e45d1461bd720e4ebbe48e601

Package: XML
Source: CRAN
Version: 3.98-1.1
Hash: 13746d37588e7083349177d6e8234864

Package: base64
Source: CRAN
Version: 1.1
Hash: 62b3aa7d31c6cf90818e02006e539b35

Package: bitops
Source: CRAN
Version: 1.0-6
Hash: cb26464a8321628636b547518994c931

Package: caTools
Source: CRAN
Version: 1.17
Hash: e350bf43b27772012b530ccdf2e34f4d
Requires: bitops

Package: colorspace
Source: CRAN
Version: 1.2-4
Hash: b775bd08a10f968fef582304b7c3ab9c

Package: devtools
Source: CRAN
Version: 1.6.1
Hash: e3096b832604a7a36ff0a6455e5cdddc
Requires: RCurl, digest, evaluate, httr, jsonlite, memoise, rstudioapi,
    whisker

Package: dichromat
Source: CRAN
Version: 2.0-0
Hash: 42be2136555fa4b6167605df56d8cd7c

Package: digest
Source: CRAN
Version: 0.6.4
Hash: e4bf0e79b15a352510aff0de905d31e2

Package: dygraphs
Source: github
Version: 0.2
GithubRepo: dygraphs
GithubUsername: rstudio
GithubRef: master
GithubSha1: b273ee118a33b395058e14cdff4e88a838132d6c
Hash: b273ee118a33b395058e14cdff4e88a838132d6c
Requires: htmlwidgets, magrittr, xts, zoo

Package: evaluate
Source: CRAN
Version: 0.5.5
Hash: 20881970e590ee68de97a468694db7b0
Requires: stringr

Package: formatR
Source: CRAN
Version: 1.0
Hash: a90c211d7df7e61a72b8ab6c99c2e848

Package: highr
Source: CRAN
Version: 0.4
Hash: 8c77cca8556e1501621b4a5ccb7999bd

Package: htmltools
Source: CRAN
Version: 0.2.6
Hash: 2c87108d130de261ac3c468d3316ae42
Requires: digest

Package: htmlwidgets
Source: CRAN
Version: 0.3.2
Hash: fc11f8e19515931be78ec6860e5f89d4
Requires: RJSONIO, htmltools, yaml

Package: httpuv
Source: CRAN
Version: 1.3.2
Hash: a4fdba39cdde0cd89fd06337835f735b
Requires: Rcpp

Package: httr
Source: CRAN
Version: 0.5
Hash: 68a70bdd16fb949a12e4fda7f31def00
Requires: RCurl, digest, jsonlite, stringr

Package: jsonlite
Source: CRAN
Version: 0.9.14
Hash: 1e949c7f0f926734e2ff498eddb2309a

Package: knitr
Source: github
Version: 1.8.4
GithubRepo: knitr
GithubUsername: yihui
GithubRef: master
GithubSha1: a7eb3d850d3019ef14d8dff0b26b4561e3e4be5f
Hash: a7eb3d850d3019ef14d8dff0b26b4561e3e4be5f
Requires: digest, evaluate, formatR, highr, markdown, stringr

Package: labeling
Source: CRAN
Version: 0.2
Hash: 25f63495dfb737e67bd75fc1eb58ff2c

Package: leaflet
Source: github
Version: 0.0.5
GithubRepo: leaflet
GithubUsername: rstudio
GithubRef: master
GithubSha1: 656fcf3838cb087f96a776c4879fd1db8d261ea1
Hash: 656fcf3838cb087f96a776c4879fd1db8d261ea1
Requires: RColorBrewer, htmltools, htmlwidgets, magrittr, scales

Package: magrittr
Source: CRAN
Version: 1.0.1
Hash: 576e5bf21e3801499cebc27af6ad1627

Package: maps
Source: CRAN
Version: 2.3-9
Hash: 236a24fa187bb1f3a1694f2915597c5e

Package: markdown
Source: CRAN
Version: 0.7.4
Hash: 01d7f71ed6e3d9b1c17ba51cff91be72
Requires: mime

Package: memoise
Source: CRAN
Version: 0.2.1
Hash: fc52fa39dfd216c44d64812ff31b1c67
Requires: digest

Package: metricsgraphics
Source: github
Version: 0.4.1
GithubRepo: metricsgraphics
GithubUsername: hrbrmstr
GithubRef: master
GithubSha1: 6358939a969bfd9faaf92295304dfc4e88013732
Hash: 6358939a969bfd9faaf92295304dfc4e88013732
Requires: htmltools, htmlwidgets, magrittr

Package: mime
Source: CRAN
Version: 0.2
Hash: 9179db921fcb2e5be44e217042ed06bc

Package: munsell
Source: CRAN
Version: 0.4.2
Hash: fa8af6d040041439b249351e9d16ae9a
Requires: colorspace

Package: networkD3
Source: github
Version: 0.1
GithubRepo: networkD3
GithubUsername: christophergandrud
GithubRef: master
GithubSha1: dac68822b8360aaf0eb106b8942b8c8010a24d32
Hash: dac68822b8360aaf0eb106b8942b8c8010a24d32
Requires: htmlwidgets, plyr, rjson

Package: packrat
Source: github
Version: 0.4.2-10
GithubRepo: packrat
GithubUsername: rstudio
GithubRef: master
GithubSha1: 79d7da20b5a3b03471fa3b65f23aef0d05e98dfe
Hash: 79d7da20b5a3b03471fa3b65f23aef0d05e98dfe

Package: plyr
Source: CRAN
Version: 1.8.1
Hash: be21bad411e628f810a92212e17b5be7
Requires: Rcpp

Package: rgl
Source: CRAN
Version: 0.95.1158
Hash: c99e8b2fce9e69517ff2b27f6338f5a8

Package: rjson
Source: CRAN
Version: 0.2.15
Hash: f78059fac4af154bfe46bf547ae12be9

Package: rmarkdown
Source: github
Version: 0.4.1
GithubRepo: rmarkdown
GithubUsername: rstudio
GithubRef: master
GithubSha1: 0e6009d50f4a38b71c4e75825d1c8823c2cf7703
Hash: 0e6009d50f4a38b71c4e75825d1c8823c2cf7703
Requires: caTools, htmltools, knitr, yaml

Package: rstudioapi
Source: CRAN
Version: 0.1
Hash: 5bd4449a873ec652a05c932312dcf04b

Package: scales
Source: CRAN
Version: 0.2.4
Hash: b8b1af97bd07818605223060386b00dd
Requires: RColorBrewer, dichromat, labeling, munsell, plyr

Package: shiny
Source: CRAN
Version: 0.10.2.2
Hash: 298d386816696b92d9e251f5ddcf1a25
Requires: R6, RJSONIO, digest, htmltools, httpuv, mime, xtable

Package: sigma
Source: github
Version: 1.0
GithubRepo: sigma
GithubUsername: jjallaire
GithubRef: master
GithubSha1: 99cd9848a8a4cc597cf10b954fb2de3e3204eb65
Hash: 99cd9848a8a4cc597cf10b954fb2de3e3204eb65
Requires: htmlwidgets

Package: sp
Source: CRAN
Version: 1.0-16
Hash: 1ec8e2e48ab1a6a12ba2b9754a860ed4

Package: stringr
Source: CRAN
Version: 0.6.2
Hash: cdde0cfa0f52cffeaca23a11a3899779

Package: testit
Source: CRAN
Version: 0.3
Hash: bed1a0d361d2efefbe445aac2774b256

Package: testthat
Source: CRAN
Version: 0.9.1
Hash: 8b05e97c7401ae4f8b5dfbaa44cfcf20
Requires: digest

Package: threejs
Source: github
Version: 0.2
GithubRepo: rthreejs
GithubUsername: bwlewis
GithubRef: master
GithubSha1: 42bdda28f9a2596d3c1a12256ff168ecf9108571
Hash: 42bdda28f9a2596d3c1a12256ff168ecf9108571
Requires: base64, htmlwidgets, plyr, rjson

Package: whisker
Source: CRAN
Version: 0.3-2
Hash: 186ab2937fec1694c8a63009a2389c4e

Package: xtable
Source: CRAN
Version: 1.7-4
Hash: 7b30b5ca6c7ae80c4f916502e3ad0237

Package: xts
Source: CRAN
Version: 0.9-7
Hash: be4b6faab98ec342c7aa497a903d7b43
Requires: zoo

Package: yaml
Source: CRAN
Version: 2.1.13
Hash: e5d041c001f6d641fd009c1f6ef7d831

Package: zoo
Source: CRAN
Version: 1.7-11
Hash: a412b124ff249b078d9cd870de913c90
